<?xml version="1.0" encoding="utf-8"?>
<Project ToolsVersion="4.0" xmlns="http://schemas.microsoft.com/developer/msbuild/2003">
  <ItemGroup>
    <Filter Include="Source Files">
      <UniqueIdentifier>{4FC737F1-C7A5-4376-A066-2A32D752A2FF}</UniqueIdentifier>
      <Extensions>cpp;c;cc;cxx;def;odl;idl;hpj;bat;asm;asmx</Extensions>
    </Filter>
    <Filter Include="Header Files">
      <UniqueIdentifier>{93995380-89BD-4b04-88EB-625FBE52EBFB}</UniqueIdentifier>
      <Extensions>h;hh;hpp;hxx;hm;inl;inc;xsd</Extensions>
    </Filter>
    <Filter Include="Resource Files">
      <UniqueIdentifier>{67DA6AB6-F800-4c08-8B7A-83BB121AAD01}</UniqueIdentifier>
      <Extensions>rc;ico;cur;bmp;dlg;rc2;rct;bin;rgs;gif;jpg;jpeg;jpe;resx;tiff;tif;png;wav;mfcribbon-ms</Extensions>
    </Filter>
  </ItemGroup>
  <ItemGroup>
    <Text Include="ReadMe.txt" />
  </ItemGroup>
  <ItemGroup>
    <ClInclude Include="Resource.h">
      <Filter>Header Files</Filter>
    </ClInclude>
    <ClInclude Include="src\engine\game\action.h">
      <Filter>Header Files</Filter>
    </ClInclude>
    <ClInclude Include="src\engine\game\caption.h">
      <Filter>Header Files</Filter>
    </ClInclude>
    <ClInclude Include="src\engine\game\clock.h">
      <Filter>Header Files</Filter>
    </ClInclude>
    <ClInclude Include="src\engine\game\item.h">
      <Filter>Header Files</Filter>
    </ClInclude>
    <ClInclude Include="src\engine\game\letterbox.h">
      <Filter>Header Files</Filter>
    </ClInclude>
    <ClInclude Include="src\engine\game\map.h">
      <Filter>Header Files</Filter>
    </ClInclude>
    <ClInclude Include="src\engine\game\music.h">
      <Filter>Header Files</Filter>
    </ClInclude>
    <ClInclude Include="src\engine\game\npc.h">
      <Filter>Header Files</Filter>
    </ClInclude>
    <ClInclude Include="src\engine\game\npccar.h">
      <Filter>Header Files</Filter>
    </ClInclude>
    <ClInclude Include="src\engine\game\npcfuncs.h">
      <Filter>Header Files</Filter>
    </ClInclude>
    <ClInclude Include="src\engine\game\npcrand.h">
      <Filter>Header Files</Filter>
    </ClInclude>
    <ClInclude Include="src\engine\game\pathfind.h">
      <Filter>Header Files</Filter>
    </ClInclude>
    <ClInclude Include="src\engine\game\player.h">
      <Filter>Header Files</Filter>
    </ClInclude>
    <ClInclude Include="src\engine\game\save.h">
      <Filter>Header Files</Filter>
    </ClInclude>
    <ClInclude Include="src\engine\game\start.h">
      <Filter>Header Files</Filter>
    </ClInclude>
    <ClInclude Include="src\engine\game\txt.h">
      <Filter>Header Files</Filter>
    </ClInclude>
    <ClInclude Include="src\engine\game\txtanswer.h">
      <Filter>Header Files</Filter>
    </ClInclude>
    <ClInclude Include="src\engine\game\txtkeyboard.h">
      <Filter>Header Files</Filter>
    </ClInclude>
    <ClInclude Include="src\engine\game.h">
      <Filter>Header Files</Filter>
    </ClInclude>
    <ClInclude Include="src\engine\init\game_vars.h">
      <Filter>Header Files</Filter>
    </ClInclude>
    <ClInclude Include="src\engine\main\controls.h">
      <Filter>Header Files</Filter>
    </ClInclude>
    <ClInclude Include="src\engine\main\debug.h">
      <Filter>Header Files</Filter>
    </ClInclude>
    <ClInclude Include="src\engine\main\error.h">
      <Filter>Header Files</Filter>
    </ClInclude>
    <ClInclude Include="src\engine\main\gfx_vars.h">
      <Filter>Header Files</Filter>
    </ClInclude>
    <ClInclude Include="src\engine\main\globals.h">
      <Filter>Header Files</Filter>
    </ClInclude>
    <ClInclude Include="src\engine\main\hq2x_filter.h">
      <Filter>Header Files</Filter>
    </ClInclude>
    <ClInclude Include="src\engine\main\misc.h">
      <Filter>Header Files</Filter>
    </ClInclude>
    <ClInclude Include="src\engine\main\render.h">
      <Filter>Header Files</Filter>
    </ClInclude>
    <ClInclude Include="src\engine\main\snes_ntsc_filter.h">
      <Filter>Header Files</Filter>
    </ClInclude>
    <ClInclude Include="src\engine\main\sound.h">
      <Filter>Header Files</Filter>
    </ClInclude>
    <ClInclude Include="src\engine\main\sprites.h">
      <Filter>Header Files</Filter>
    </ClInclude>
    <ClInclude Include="src\engine\main\tilemaps.h">
      <Filter>Header Files</Filter>
    </ClInclude>
    <ClInclude Include="src\engine\main\types.h">
      <Filter>Header Files</Filter>
    </ClInclude>
    <ClInclude Include="src\gamelogic\changemap.h">
      <Filter>Header Files</Filter>
    </ClInclude>
    <ClInclude Include="src\gamelogic\city\apartment.h">
      <Filter>Header Files</Filter>
    </ClInclude>
    <ClInclude Include="src\gamelogic\city\bank.h">
      <Filter>Header Files</Filter>
    </ClInclude>
    <ClInclude Include="src\gamelogic\city\casino.h">
      <Filter>Header Files</Filter>
    </ClInclude>
    <ClInclude Include="src\gamelogic\city\city.h">
      <Filter>Header Files</Filter>
    </ClInclude>
    <ClInclude Include="src\gamelogic\city\cityhall.h">
      <Filter>Header Files</Filter>
    </ClInclude>
    <ClInclude Include="src\gamelogic\city\deli.h">
      <Filter>Header Files</Filter>
    </ClInclude>
    <ClInclude Include="src\gamelogic\city\elevatedlifeplace.h">
      <Filter>Header Files</Filter>
    </ClInclude>
    <ClInclude Include="src\gamelogic\city\fashionstore.h">
      <Filter>Header Files</Filter>
    </ClInclude>
    <ClInclude Include="src\gamelogic\city\firestation.h">
      <Filter>Header Files</Filter>
    </ClInclude>
    <ClInclude Include="src\gamelogic\city\groovyclub.h">
      <Filter>Header Files</Filter>
    </ClInclude>
    <ClInclude Include="src\gamelogic\city\hospital.h">
      <Filter>Header Files</Filter>
    </ClInclude>
    <ClInclude Include="src\gamelogic\city\hotel.h">
      <Filter>Header Files</Filter>
    </ClInclude>
    <ClInclude Include="src\gamelogic\city\hourlymotel.h">
      <Filter>Header Files</Filter>
    </ClInclude>
    <ClInclude Include="src\gamelogic\city\laundromat.h">
      <Filter>Header Files</Filter>
    </ClInclude>
    <ClInclude Include="src\gamelogic\city\museum.h">
      <Filter>Header Files</Filter>
    </ClInclude>
    <ClInclude Include="src\gamelogic\city\office.h">
      <Filter>Header Files</Filter>
    </ClInclude>
    <ClInclude Include="src\gamelogic\city\partystore.h">
      <Filter>Header Files</Filter>
    </ClInclude>
    <ClInclude Include="src\gamelogic\city\pawnshop.h">
      <Filter>Header Files</Filter>
    </ClInclude>
    <ClInclude Include="src\gamelogic\city\policestation.h">
      <Filter>Header Files</Filter>
    </ClInclude>
    <ClInclude Include="src\gamelogic\city\poolhall.h">
      <Filter>Header Files</Filter>
    </ClInclude>
    <ClInclude Include="src\gamelogic\city\restaurant.h">
      <Filter>Header Files</Filter>
    </ClInclude>
    <ClInclude Include="src\gamelogic\city\stadium.h">
      <Filter>Header Files</Filter>
    </ClInclude>
    <ClInclude Include="src\gamelogic\city\thecafe.h">
      <Filter>Header Files</Filter>
    </ClInclude>
    <ClInclude Include="src\gamelogic\intro\introtown.h">
      <Filter>Header Files</Filter>
    </ClInclude>
    <ClInclude Include="src\gamelogic\intro\introyuushouse.h">
      <Filter>Header Files</Filter>
    </ClInclude>
    <ClInclude Include="src\gamelogic\logicmethods.h">
      <Filter>Header Files</Filter>
    </ClInclude>
    <ClInclude Include="src\gamelogic\other\castroom.h">
      <Filter>Header Files</Filter>
    </ClInclude>
    <ClInclude Include="src\gamelogic\other\japanhouse.h">
      <Filter>Header Files</Filter>
    </ClInclude>
    <ClInclude Include="src\gamelogic\other\meetingroom.h">
      <Filter>Header Files</Filter>
    </ClInclude>
    <ClInclude Include="src\gamelogic\other\minigame.h">
      <Filter>Header Files</Filter>
    </ClInclude>
    <ClInclude Include="src\gamelogic\title\demoend.h">
      <Filter>Header Files</Filter>
    </ClInclude>
    <ClInclude Include="src\gamelogic\title\license.h">
      <Filter>Header Files</Filter>
    </ClInclude>
    <ClInclude Include="src\gamelogic\title\titlescreen.h">
      <Filter>Header Files</Filter>
    </ClInclude>
    <ClInclude Include="src\gamelogic\title\warning.h">
      <Filter>Header Files</Filter>
    </ClInclude>
    <ClInclude Include="src\gamelogic\town\arcade.h">
      <Filter>Header Files</Filter>
    </ClInclude>
    <ClInclude Include="src\gamelogic\town\beautysalon.h">
      <Filter>Header Files</Filter>
    </ClInclude>
    <ClInclude Include="src\gamelogic\town\bookstore.h">
      <Filter>Header Files</Filter>
    </ClInclude>
    <ClInclude Include="src\gamelogic\town\church.h">
      <Filter>Header Files</Filter>
    </ClInclude>
    <ClInclude Include="src\gamelogic\town\clubhouse.h">
      <Filter>Header Files</Filter>
    </ClInclude>
    <ClInclude Include="src\gamelogic\town\coffeeshop.h">
      <Filter>Header Files</Filter>
    </ClInclude>
    <ClInclude Include="src\gamelogic\town\crazyladyhouse.h">
      <Filter>Header Files</Filter>
    </ClInclude>
    <ClInclude Include="src\gamelogic\town\departmentstore.h">
      <Filter>Header Files</Filter>
    </ClInclude>
    <ClInclude Include="src\gamelogic\town\doctorsoffice.h">
      <Filter>Header Files</Filter>
    </ClInclude>
    <ClInclude Include="src\gamelogic\town\electronicsstore.h">
      <Filter>Header Files</Filter>
    </ClInclude>
    <ClInclude Include="src\gamelogic\town\friendshouse.h">
      <Filter>Header Files</Filter>
    </ClInclude>
    <ClInclude Include="src\gamelogic\town\gamestore.h">
      <Filter>Header Files</Filter>
    </ClInclude>
    <ClInclude Include="src\gamelogic\town\gasstation.h">
      <Filter>Header Files</Filter>
    </ClInclude>
    <ClInclude Include="src\gamelogic\town\generichouses.h">
      <Filter>Header Files</Filter>
    </ClInclude>
    <ClInclude Include="src\gamelogic\town\grocerystore.h">
      <Filter>Header Files</Filter>
    </ClInclude>
    <ClInclude Include="src\gamelogic\town\mansion.h">
      <Filter>Header Files</Filter>
    </ClInclude>
    <ClInclude Include="src\gamelogic\town\movietheater.h">
      <Filter>Header Files</Filter>
    </ClInclude>
    <ClInclude Include="src\gamelogic\town\petstore.h">
      <Filter>Header Files</Filter>
    </ClInclude>
    <ClInclude Include="src\gamelogic\town\pizzaplace.h">
      <Filter>Header Files</Filter>
    </ClInclude>
    <ClInclude Include="src\gamelogic\town\playground.h">
      <Filter>Header Files</Filter>
    </ClInclude>
    <ClInclude Include="src\gamelogic\town\recordstore.h">
      <Filter>Header Files</Filter>
    </ClInclude>
    <ClInclude Include="src\gamelogic\town\school.h">
      <Filter>Header Files</Filter>
    </ClInclude>
    <ClInclude Include="src\gamelogic\town\tacoburger.h">
      <Filter>Header Files</Filter>
    </ClInclude>
    <ClInclude Include="src\gamelogic\town\toolshed.h">
      <Filter>Header Files</Filter>
    </ClInclude>
    <ClInclude Include="src\gamelogic\town\town.h">
      <Filter>Header Files</Filter>
    </ClInclude>
    <ClInclude Include="src\gamelogic\town\videostore.h">
      <Filter>Header Files</Filter>
    </ClInclude>
    <ClInclude Include="src\gamelogic\town\yuushouse.h">
      <Filter>Header Files</Filter>
    </ClInclude>
    <ClInclude Include="src\main.h">
      <Filter>Header Files</Filter>
    </ClInclude>
    <ClInclude Include="src\minigame\ping.h">
      <Filter>Header Files</Filter>
    </ClInclude>
    <ClInclude Include="src\minigame\ramio.h">
      <Filter>Header Files</Filter>
    </ClInclude>
    <ClInclude Include="src\minigame\tetrid.h">
      <Filter>Header Files</Filter>
    </ClInclude>
    <ClInclude Include="src\GL\glew.h">
      <Filter>Header Files</Filter>
    </ClInclude>
    <ClInclude Include="src\GL\glxew.h">
      <Filter>Header Files</Filter>
    </ClInclude>
    <ClInclude Include="src\GL\wglew.h">
      <Filter>Header Files</Filter>
    </ClInclude>
  </ItemGroup>
  <ItemGroup>
    <ClCompile Include="src\engine\game\action.cpp">
      <Filter>Source Files</Filter>
    </ClCompile>
    <ClCompile Include="src\engine\game\caption.cpp">
      <Filter>Source Files</Filter>
    </ClCompile>
    <ClCompile Include="src\engine\game\clock.cpp">
      <Filter>Source Files</Filter>
    </ClCompile>
    <ClCompile Include="src\engine\game\item.cpp">
      <Filter>Source Files</Filter>
    </ClCompile>
    <ClCompile Include="src\engine\game\letterbox.cpp">
      <Filter>Source Files</Filter>
    </ClCompile>
    <ClCompile Include="src\engine\game\map.cpp">
      <Filter>Source Files</Filter>
    </ClCompile>
    <ClCompile Include="src\engine\game\music.cpp">
      <Filter>Source Files</Filter>
    </ClCompile>
    <ClCompile Include="src\engine\game\npc.cpp">
      <Filter>Source Files</Filter>
    </ClCompile>
    <ClCompile Include="src\engine\game\npccar.cpp">
      <Filter>Source Files</Filter>
    </ClCompile>
    <ClCompile Include="src\engine\game\npcfuncs.cpp">
      <Filter>Source Files</Filter>
    </ClCompile>
    <ClCompile Include="src\engine\game\npcrand.cpp">
      <Filter>Source Files</Filter>
    </ClCompile>
    <ClCompile Include="src\engine\game\player.cpp">
      <Filter>Source Files</Filter>
    </ClCompile>
    <ClCompile Include="src\engine\game\save.cpp">
      <Filter>Source Files</Filter>
    </ClCompile>
    <ClCompile Include="src\engine\game\start.cpp">
      <Filter>Source Files</Filter>
    </ClCompile>
    <ClCompile Include="src\engine\game\txt.cpp">
      <Filter>Source Files</Filter>
    </ClCompile>
    <ClCompile Include="src\engine\game\txtanswer.cpp">
      <Filter>Source Files</Filter>
    </ClCompile>
    <ClCompile Include="src\engine\game\txtkeyboard.cpp">
      <Filter>Source Files</Filter>
    </ClCompile>
    <ClCompile Include="src\engine\game.cpp">
      <Filter>Source Files</Filter>
    </ClCompile>
    <ClCompile Include="src\engine\main\controls.cpp">
      <Filter>Source Files</Filter>
    </ClCompile>
    <ClCompile Include="src\engine\main\debug.cpp">
      <Filter>Source Files</Filter>
    </ClCompile>
    <ClCompile Include="src\engine\main\error.cpp">
      <Filter>Source Files</Filter>
    </ClCompile>
    <ClCompile Include="src\engine\main\globals.cpp">
      <Filter>Source Files</Filter>
    </ClCompile>
    <ClCompile Include="src\engine\main\misc.cpp">
      <Filter>Source Files</Filter>
    </ClCompile>
    <ClCompile Include="src\engine\main\render.cpp">
      <Filter>Source Files</Filter>
    </ClCompile>
    <ClCompile Include="src\engine\main\sound.cpp">
      <Filter>Source Files</Filter>
    </ClCompile>
    <ClCompile Include="src\engine\main\sprites.cpp">
      <Filter>Source Files</Filter>
    </ClCompile>
    <ClCompile Include="src\engine\main\tilemaps.cpp">
      <Filter>Source Files</Filter>
    </ClCompile>
    <ClCompile Include="src\gamelogic\changemap.cpp">
      <Filter>Source Files</Filter>
    </ClCompile>
    <ClCompile Include="src\gamelogic\city\apartment.cpp">
      <Filter>Source Files</Filter>
    </ClCompile>
    <ClCompile Include="src\gamelogic\city\bank.cpp">
      <Filter>Source Files</Filter>
    </ClCompile>
    <ClCompile Include="src\gamelogic\city\casino.cpp">
      <Filter>Source Files</Filter>
    </ClCompile>
    <ClCompile Include="src\gamelogic\city\city.cpp">
      <Filter>Source Files</Filter>
    </ClCompile>
    <ClCompile Include="src\gamelogic\city\cityhall.cpp">
      <Filter>Source Files</Filter>
    </ClCompile>
    <ClCompile Include="src\gamelogic\city\deli.cpp">
      <Filter>Source Files</Filter>
    </ClCompile>
    <ClCompile Include="src\gamelogic\city\elevatedlifeplace.cpp">
      <Filter>Source Files</Filter>
    </ClCompile>
    <ClCompile Include="src\gamelogic\city\fashionstore.cpp">
      <Filter>Source Files</Filter>
    </ClCompile>
    <ClCompile Include="src\gamelogic\city\firestation.cpp">
      <Filter>Source Files</Filter>
    </ClCompile>
    <ClCompile Include="src\gamelogic\city\groovyclub.cpp">
      <Filter>Source Files</Filter>
    </ClCompile>
    <ClCompile Include="src\gamelogic\city\hospital.cpp">
      <Filter>Source Files</Filter>
    </ClCompile>
    <ClCompile Include="src\gamelogic\city\hotel.cpp">
      <Filter>Source Files</Filter>
    </ClCompile>
    <ClCompile Include="src\gamelogic\city\hourlymotel.cpp">
      <Filter>Source Files</Filter>
    </ClCompile>
    <ClCompile Include="src\gamelogic\city\laundromat.cpp">
      <Filter>Source Files</Filter>
    </ClCompile>
    <ClCompile Include="src\gamelogic\city\museum.cpp">
      <Filter>Source Files</Filter>
    </ClCompile>
    <ClCompile Include="src\gamelogic\city\office.cpp">
      <Filter>Source Files</Filter>
    </ClCompile>
    <ClCompile Include="src\gamelogic\city\partystore.cpp">
      <Filter>Source Files</Filter>
    </ClCompile>
    <ClCompile Include="src\gamelogic\city\pawnshop.cpp">
      <Filter>Source Files</Filter>
    </ClCompile>
    <ClCompile Include="src\gamelogic\city\policestation.cpp">
      <Filter>Source Files</Filter>
    </ClCompile>
    <ClCompile Include="src\gamelogic\city\poolhall.cpp">
      <Filter>Source Files</Filter>
    </ClCompile>
    <ClCompile Include="src\gamelogic\city\restaurant.cpp">
      <Filter>Source Files</Filter>
    </ClCompile>
    <ClCompile Include="src\gamelogic\city\stadium.cpp">
      <Filter>Source Files</Filter>
    </ClCompile>
    <ClCompile Include="src\gamelogic\city\thecafe.cpp">
      <Filter>Source Files</Filter>
    </ClCompile>
    <ClCompile Include="src\gamelogic\intro\introtown.cpp">
      <Filter>Source Files</Filter>
    </ClCompile>
    <ClCompile Include="src\gamelogic\intro\introyuushouse.cpp">
      <Filter>Source Files</Filter>
    </ClCompile>
    <ClCompile Include="src\gamelogic\other\castroom.cpp">
      <Filter>Source Files</Filter>
    </ClCompile>
    <ClCompile Include="src\gamelogic\other\japanhouse.cpp">
      <Filter>Source Files</Filter>
    </ClCompile>
    <ClCompile Include="src\gamelogic\other\meetingroom.cpp">
      <Filter>Source Files</Filter>
    </ClCompile>
    <ClCompile Include="src\gamelogic\other\minigame.cpp">
      <Filter>Source Files</Filter>
    </ClCompile>
    <ClCompile Include="src\gamelogic\title\demoend.cpp">
      <Filter>Source Files</Filter>
    </ClCompile>
    <ClCompile Include="src\gamelogic\title\license.cpp">
      <Filter>Source Files</Filter>
    </ClCompile>
    <ClCompile Include="src\gamelogic\title\titlescreen.cpp">
      <Filter>Source Files</Filter>
    </ClCompile>
    <ClCompile Include="src\gamelogic\title\warning.cpp">
      <Filter>Source Files</Filter>
    </ClCompile>
    <ClCompile Include="src\gamelogic\town\arcade.cpp">
      <Filter>Source Files</Filter>
    </ClCompile>
    <ClCompile Include="src\gamelogic\town\beautysalon.cpp">
      <Filter>Source Files</Filter>
    </ClCompile>
    <ClCompile Include="src\gamelogic\town\bookstore.cpp">
      <Filter>Source Files</Filter>
    </ClCompile>
    <ClCompile Include="src\gamelogic\town\church.cpp">
      <Filter>Source Files</Filter>
    </ClCompile>
    <ClCompile Include="src\gamelogic\town\clubhouse.cpp">
      <Filter>Source Files</Filter>
    </ClCompile>
    <ClCompile Include="src\gamelogic\town\coffeeshop.cpp">
      <Filter>Source Files</Filter>
    </ClCompile>
    <ClCompile Include="src\gamelogic\town\crazyladyhouse.cpp">
      <Filter>Source Files</Filter>
    </ClCompile>
    <ClCompile Include="src\gamelogic\town\departmentstore.cpp">
      <Filter>Source Files</Filter>
    </ClCompile>
    <ClCompile Include="src\gamelogic\town\doctorsoffice.cpp">
      <Filter>Source Files</Filter>
    </ClCompile>
    <ClCompile Include="src\gamelogic\town\electronicsstore.cpp">
      <Filter>Source Files</Filter>
    </ClCompile>
    <ClCompile Include="src\gamelogic\town\friendshouse.cpp">
      <Filter>Source Files</Filter>
    </ClCompile>
    <ClCompile Include="src\gamelogic\town\gamestore.cpp">
      <Filter>Source Files</Filter>
    </ClCompile>
    <ClCompile Include="src\gamelogic\town\gasstation.cpp">
      <Filter>Source Files</Filter>
    </ClCompile>
    <ClCompile Include="src\gamelogic\town\generichouses.cpp">
      <Filter>Source Files</Filter>
    </ClCompile>
    <ClCompile Include="src\gamelogic\town\grocerystore.cpp">
      <Filter>Source Files</Filter>
    </ClCompile>
    <ClCompile Include="src\gamelogic\town\mansion.cpp">
      <Filter>Source Files</Filter>
    </ClCompile>
    <ClCompile Include="src\gamelogic\town\movietheater.cpp">
      <Filter>Source Files</Filter>
    </ClCompile>
    <ClCompile Include="src\gamelogic\town\petstore.cpp">
      <Filter>Source Files</Filter>
    </ClCompile>
    <ClCompile Include="src\gamelogic\town\pizzaplace.cpp">
      <Filter>Source Files</Filter>
    </ClCompile>
    <ClCompile Include="src\gamelogic\town\playground.cpp">
      <Filter>Source Files</Filter>
    </ClCompile>
    <ClCompile Include="src\gamelogic\town\recordstore.cpp">
      <Filter>Source Files</Filter>
    </ClCompile>
    <ClCompile Include="src\gamelogic\town\school.cpp">
      <Filter>Source Files</Filter>
    </ClCompile>
    <ClCompile Include="src\gamelogic\town\tacoburger.cpp">
      <Filter>Source Files</Filter>
    </ClCompile>
    <ClCompile Include="src\gamelogic\town\toolshed.cpp">
      <Filter>Source Files</Filter>
    </ClCompile>
    <ClCompile Include="src\gamelogic\town\town.cpp">
      <Filter>Source Files</Filter>
    </ClCompile>
    <ClCompile Include="src\gamelogic\town\videostore.cpp">
      <Filter>Source Files</Filter>
    </ClCompile>
    <ClCompile Include="src\gamelogic\town\yuushouse.cpp">
      <Filter>Source Files</Filter>
    </ClCompile>
    <ClCompile Include="src\main.cpp">
      <Filter>Source Files</Filter>
    </ClCompile>
    <ClCompile Include="src\minigame\microgame.cpp">
      <Filter>Source Files</Filter>
    </ClCompile>
    <ClCompile Include="src\minigame\ping.cpp">
      <Filter>Source Files</Filter>
    </ClCompile>
    <ClCompile Include="src\minigame\platformexplore.cpp">
      <Filter>Source Files</Filter>
    </ClCompile>
    <ClCompile Include="src\minigame\platformjump.cpp">
      <Filter>Source Files</Filter>
    </ClCompile>
    <ClCompile Include="src\minigame\ramio.cpp">
      <Filter>Source Files</Filter>
    </ClCompile>
    <ClCompile Include="src\minigame\shootergame.cpp">
      <Filter>Source Files</Filter>
    </ClCompile>
    <ClCompile Include="src\minigame\tetrid.cpp">
      <Filter>Source Files</Filter>
    </ClCompile>
    <ClCompile Include="src\glew.c">
      <Filter>Source Files</Filter>
    </ClCompile>
  </ItemGroup>
  <ItemGroup>
    <ResourceCompile Include="bobsgame.rc">
      <Filter>Resource Files</Filter>
    </ResourceCompile>
  </ItemGroup>
  <ItemGroup>
    <Image Include="small.ico">
      <Filter>Resource Files</Filter>
    </Image>
    <Image Include="bobsgame.ico">
      <Filter>Resource Files</Filter>
    </Image>
  </ItemGroup>
</Project>